
Microsoft Visual Studio Solution File, Format Version 12.00
# Visual Studio Version 16
VisualStudioVersion = 16.0.30114.105
MinimumVisualStudioVersion = 10.0.40219.1
Project("{FAE04EC0-301F-11D3-BF4B-00C04F79EFBC}") = "SpeechToTextConverter", "SpeechToTextConverter\SpeechToTextConverter.csproj", "{8CDEEA42-5E4B-4404-B070-1B2C159FC17D}"
EndProject
Global
	GlobalSection(SolutionConfigurationPlatforms) = preSolution
		Debug|Any CPU = Debug|Any CPU
		Release|Any CPU = Release|Any CPU
	EndGlobalSection
	GlobalSection(ProjectConfigurationPlatforms) = postSolution
		{8CDEEA42-5E4B-4404-B070-1B2C159FC17D}.Debug|Any CPU.ActiveCfg = Debug|Any CPU
		{8CDEEA42-5E4B-4404-B070-1B2C159FC17D}.Debug|Any CPU.Build.0 = Debug|Any CPU
		{8CDEEA42-5E4B-4404-B070-1B2C159FC17D}.Release|Any CPU.ActiveCfg = Release|Any CPU
		{8CDEEA42-5E4B-4404-B070-1B2C159FC17D}.Release|Any CPU.Build.0 = Release|Any CPU
	EndGlobalSection
	GlobalSection(SolutionProperties) = preSolution
		HideSolutionNode = FALSE
	EndGlobalSection
	GlobalSection(ExtensibilityGlobals) = postSolution
		SolutionGuid = {582B4245-0AC7-4D8E-B99A-D4970A35BAE8}
	EndGlobalSection
EndGlobal
